// !$*UTF8*$!
{
	archiveVersion = 1;
	classes = {
	};
	objectVersion = 56;
	objects = {

/* Begin PBXBuildFile section */
		220000000000000000000001 /* LifeOSApp.swift in Sources */ = {isa = PBXBuildFile; fileRef = 110000000000000000000001 /* LifeOSApp.swift */; };
		220000000000000000000002 /* Assets.xcassets in Resources */ = {isa = PBXBuildFile; fileRef = 110000000000000000000002 /* Assets.xcassets */; };
		220000000000000000000004 /* JournalEntry.swift in Sources */ = {isa = PBXBuildFile; fileRef = 110000000000000000000004 /* JournalEntry.swift */; };
		220000000000000000000005 /* PlannerTask.swift in Sources */ = {isa = PBXBuildFile; fileRef = 110000000000000000000005 /* PlannerTask.swift */; };
		220000000000000000000006 /* Habit.swift in Sources */ = {isa = PBXBuildFile; fileRef = 110000000000000000000006 /* Habit.swift */; };
		220000000000000000000007 /* Goal.swift in Sources */ = {isa = PBXBuildFile; fileRef = 110000000000000000000007 /* Goal.swift */; };
		220000000000000000000008 /* MoodEntry.swift in Sources */ = {isa = PBXBuildFile; fileRef = 110000000000000000000008 /* MoodEntry.swift */; };
		220000000000000000000009 /* Theme.swift in Sources */ = {isa = PBXBuildFile; fileRef = 110000000000000000000009 /* Theme.swift */; };
		22000000000000000000000A /* SharedComponents.swift in Sources */ = {isa = PBXBuildFile; fileRef = 11000000000000000000000A /* SharedComponents.swift */; };
		22000000000000000000000B /* RootView.swift in Sources */ = {isa = PBXBuildFile; fileRef = 11000000000000000000000B /* RootView.swift */; };
		22000000000000000000000C /* TodayView.swift in Sources */ = {isa = PBXBuildFile; fileRef = 11000000000000000000000C /* TodayView.swift */; };
		22000000000000000000000D /* PlannerView.swift in Sources */ = {isa = PBXBuildFile; fileRef = 11000000000000000000000D /* PlannerView.swift */; };
		22000000000000000000000E /* AddTaskSheet.swift in Sources */ = {isa = PBXBuildFile; fileRef = 11000000000000000000000E /* AddTaskSheet.swift */; };
		22000000000000000000000F /* JournalView.swift in Sources */ = {isa = PBXBuildFile; fileRef = 11000000000000000000000F /* JournalView.swift */; };
		220000000000000000000010 /* NewJournalEntryView.swift in Sources */ = {isa = PBXBuildFile; fileRef = 110000000000000000000010 /* NewJournalEntryView.swift */; };
		220000000000000000000011 /* HabitsView.swift in Sources */ = {isa = PBXBuildFile; fileRef = 110000000000000000000011 /* HabitsView.swift */; };
		220000000000000000000012 /* GoalsView.swift in Sources */ = {isa = PBXBuildFile; fileRef = 110000000000000000000012 /* GoalsView.swift */; };
		220000000000000000000013 /* InsightsView.swift in Sources */ = {isa = PBXBuildFile; fileRef = 110000000000000000000013 /* InsightsView.swift */; };
		220000000000000000000014 /* SettingsView.swift in Sources */ = {isa = PBXBuildFile; fileRef = 110000000000000000000014 /* SettingsView.swift */; };
		220000000000000000000015 /* NotificationManager.swift in Sources */ = {isa = PBXBuildFile; fileRef = 110000000000000000000015 /* NotificationManager.swift */; };
		220000000000000000000016 /* BackendService.swift in Sources */ = {isa = PBXBuildFile; fileRef = 110000000000000000000016 /* BackendService.swift */; };
/* End PBXBuildFile section */

/* Begin PBXFileReference section */
		110000000000000000000001 /* LifeOSApp.swift */ = {isa = PBXFileReference; lastKnownFileType = sourcecode.swift; path = LifeOSApp.swift; sourceTree = "<group>"; };
		110000000000000000000002 /* Assets.xcassets */ = {isa = PBXFileReference; lastKnownFileType = folder.assetcatalog; path = Assets.xcassets; sourceTree = "<group>"; };
		110000000000000000000003 /* Preview Assets.xcassets */ = {isa = PBXFileReference; lastKnownFileType = folder.assetcatalog; path = "Preview Assets.xcassets"; sourceTree = "<group>"; };
		110000000000000000000004 /* JournalEntry.swift */ = {isa = PBXFileReference; lastKnownFileType = sourcecode.swift; path = JournalEntry.swift; sourceTree = "<group>"; };
		110000000000000000000005 /* PlannerTask.swift */ = {isa = PBXFileReference; lastKnownFileType = sourcecode.swift; path = PlannerTask.swift; sourceTree = "<group>"; };
		110000000000000000000006 /* Habit.swift */ = {isa = PBXFileReference; lastKnownFileType = sourcecode.swift; path = Habit.swift; sourceTree = "<group>"; };
		110000000000000000000007 /* Goal.swift */ = {isa = PBXFileReference; lastKnownFileType = sourcecode.swift; path = Goal.swift; sourceTree = "<group>"; };
		110000000000000000000008 /* MoodEntry.swift */ = {isa = PBXFileReference; lastKnownFileType = sourcecode.swift; path = MoodEntry.swift; sourceTree = "<group>"; };
		110000000000000000000009 /* Theme.swift */ = {isa = PBXFileReference; lastKnownFileType = sourcecode.swift; path = Theme.swift; sourceTree = "<group>"; };
		11000000000000000000000A /* SharedComponents.swift */ = {isa = PBXFileReference; lastKnownFileType = sourcecode.swift; path = SharedComponents.swift; sourceTree = "<group>"; };
		11000000000000000000000B /* RootView.swift */ = {isa = PBXFileReference; lastKnownFileType = sourcecode.swift; path = RootView.swift; sourceTree = "<group>"; };
		11000000000000000000000C /* TodayView.swift */ = {isa = PBXFileReference; lastKnownFileType = sourcecode.swift; path = TodayView.swift; sourceTree = "<group>"; };
		11000000000000000000000D /* PlannerView.swift */ = {isa = PBXFileReference; lastKnownFileType = sourcecode.swift; path = PlannerView.swift; sourceTree = "<group>"; };
		11000000000000000000000E /* AddTaskSheet.swift */ = {isa = PBXFileReference; lastKnownFileType = sourcecode.swift; path = AddTaskSheet.swift; sourceTree = "<group>"; };
		11000000000000000000000F /* JournalView.swift */ = {isa = PBXFileReference; lastKnownFileType = sourcecode.swift; path = JournalView.swift; sourceTree = "<group>"; };
		110000000000000000000010 /* NewJournalEntryView.swift */ = {isa = PBXFileReference; lastKnownFileType = sourcecode.swift; path = NewJournalEntryView.swift; sourceTree = "<group>"; };
		110000000000000000000011 /* HabitsView.swift */ = {isa = PBXFileReference; lastKnownFileType = sourcecode.swift; path = HabitsView.swift; sourceTree = "<group>"; };
		110000000000000000000012 /* GoalsView.swift */ = {isa = PBXFileReference; lastKnownFileType = sourcecode.swift; path = GoalsView.swift; sourceTree = "<group>"; };
		110000000000000000000013 /* InsightsView.swift */ = {isa = PBXFileReference; lastKnownFileType = sourcecode.swift; path = InsightsView.swift; sourceTree = "<group>"; };
		110000000000000000000014 /* SettingsView.swift */ = {isa = PBXFileReference; lastKnownFileType = sourcecode.swift; path = SettingsView.swift; sourceTree = "<group>"; };
		110000000000000000000015 /* NotificationManager.swift */ = {isa = PBXFileReference; lastKnownFileType = sourcecode.swift; path = NotificationManager.swift; sourceTree = "<group>"; };
		110000000000000000000016 /* BackendService.swift */ = {isa = PBXFileReference; lastKnownFileType = sourcecode.swift; path = BackendService.swift; sourceTree = "<group>"; };
		110000000000000000000017 /* LifeOS.app */ = {isa = PBXFileReference; explicitFileType = wrapper.application; includeInIndex = 0; path = LifeOS.app; sourceTree = BUILT_PRODUCTS_DIR; };
/* End PBXFileReference section */

/* Begin PBXFrameworksBuildPhase section */
		440000000000000000000002 /* Frameworks */ = {
			isa = PBXFrameworksBuildPhase;
			buildActionMask = 2147483647;
			files = (
			);
			runOnlyForDeploymentPostprocessing = 0;
		};
/* End PBXFrameworksBuildPhase section */

/* Begin PBXGroup section */
		330000000000000000000001 /* */ = {
			isa = PBXGroup;
			children = (
				330000000000000000000002 /* LifeOS */,
				33000000000000000000000F /* Products */,
			);
			sourceTree = "<group>";
		};
		330000000000000000000002 /* LifeOS */ = {
			isa = PBXGroup;
			children = (
				110000000000000000000001 /* LifeOSApp.swift */,
				330000000000000000000003 /* Models */,
				330000000000000000000004 /* Theme */,
				330000000000000000000005 /* Views */,
				33000000000000000000000D /* Services */,
				110000000000000000000002 /* Assets.xcassets */,
				33000000000000000000000E /* Preview Content */,
			);
			path = LifeOS;
			sourceTree = "<group>";
		};
		330000000000000000000003 /* Models */ = {
			isa = PBXGroup;
			children = (
				110000000000000000000004 /* JournalEntry.swift */,
				110000000000000000000005 /* PlannerTask.swift */,
				110000000000000000000006 /* Habit.swift */,
				110000000000000000000007 /* Goal.swift */,
				110000000000000000000008 /* MoodEntry.swift */,
			);
			path = Models;
			sourceTree = "<group>";
		};
		330000000000000000000004 /* Theme */ = {
			isa = PBXGroup;
			children = (
				110000000000000000000009 /* Theme.swift */,
			);
			path = Theme;
			sourceTree = "<group>";
		};
		330000000000000000000005 /* Views */ = {
			isa = PBXGroup;
			children = (
				11000000000000000000000B /* RootView.swift */,
				11000000000000000000000C /* TodayView.swift */,
				330000000000000000000006 /* Components */,
				330000000000000000000007 /* Planner */,
				330000000000000000000008 /* Journal */,
				330000000000000000000009 /* Habits */,
				33000000000000000000000A /* Goals */,
				33000000000000000000000B /* Insights */,
				33000000000000000000000C /* Settings */,
			);
			path = Views;
			sourceTree = "<group>";
		};
		330000000000000000000006 /* Components */ = {
			isa = PBXGroup;
			children = (
				11000000000000000000000A /* SharedComponents.swift */,
			);
			path = Components;
			sourceTree = "<group>";
		};
		330000000000000000000007 /* Planner */ = {
			isa = PBXGroup;
			children = (
				11000000000000000000000D /* PlannerView.swift */,
				11000000000000000000000E /* AddTaskSheet.swift */,
			);
			path = Planner;
			sourceTree = "<group>";
		};
		330000000000000000000008 /* Journal */ = {
			isa = PBXGroup;
			children = (
				11000000000000000000000F /* JournalView.swift */,
				110000000000000000000010 /* NewJournalEntryView.swift */,
			);
			path = Journal;
			sourceTree = "<group>";
		};
		330000000000000000000009 /* Habits */ = {
			isa = PBXGroup;
			children = (
				110000000000000000000011 /* HabitsView.swift */,
			);
			path = Habits;
			sourceTree = "<group>";
		};
		33000000000000000000000A /* Goals */ = {
			isa = PBXGroup;
			children = (
				110000000000000000000012 /* GoalsView.swift */,
			);
			path = Goals;
			sourceTree = "<group>";
		};
		33000000000000000000000B /* Insights */ = {
			isa = PBXGroup;
			children = (
				110000000000000000000013 /* InsightsView.swift */,
			);
			path = Insights;
			sourceTree = "<group>";
		};
		33000000000000000000000C /* Settings */ = {
			isa = PBXGroup;
			children = (
				110000000000000000000014 /* SettingsView.swift */,
			);
			path = Settings;
			sourceTree = "<group>";
		};
		33000000000000000000000D /* Services */ = {
			isa = PBXGroup;
			children = (
				110000000000000000000015 /* NotificationManager.swift */,
				110000000000000000000016 /* BackendService.swift */,
			);
			path = Services;
			sourceTree = "<group>";
		};
		33000000000000000000000E /* Preview Content */ = {
			isa = PBXGroup;
			children = (
				110000000000000000000003 /* Preview Assets.xcassets */,
			);
			path = "Preview Content";
			sourceTree = "<group>";
		};
		33000000000000000000000F /* Products */ = {
			isa = PBXGroup;
			children = (
				110000000000000000000017 /* LifeOS.app */,
			);
			name = Products;
			sourceTree = "<group>";
		};
/* End PBXGroup section */

/* Begin PBXNativeTarget section */
		550000000000000000000001 /* LifeOS */ = {
			isa = PBXNativeTarget;
			buildConfigurationList = 550000000000000000000002 /* Build configuration list for PBXNativeTarget "LifeOS" */;
			buildPhases = (
				440000000000000000000001 /* Sources */,
				440000000000000000000002 /* Frameworks */,
				440000000000000000000003 /* Resources */,
			);
			buildRules = (
			);
			dependencies = (
			);
			name = LifeOS;
			productName = LifeOS;
			productReference = 110000000000000000000017 /* LifeOS.app */;
			productType = "com.apple.product-type.application";
		};
/* End PBXNativeTarget section */

/* Begin PBXProject section */
		550000000000000000000005 /* Project object */ = {
			isa = PBXProject;
			attributes = {
				BuildIndependentTargetsInParallel = 1;
				LastSwiftUpdateCheck = 1500;
				LastUpgradeCheck = 1500;
				TargetAttributes = {
					550000000000000000000001 = {
						CreatedOnToolsVersion = 15.0;
					};
				};
			};
			buildConfigurationList = 550000000000000000000006 /* Build configuration list for PBXProject "LifeOS" */;
			compatibilityVersion = "Xcode 14.0";
			developmentRegion = en;
			hasScannedForEncodings = 0;
			knownRegions = (
				en,
				Base,
			);
			mainGroup = 330000000000000000000001;
			productRefGroup = 33000000000000000000000F /* Products */;
			projectDirPath = "";
			projectRoot = "";
			targets = (
				550000000000000000000001 /* LifeOS */,
			);
		};
/* End PBXProject section */

/* Begin PBXResourcesBuildPhase section */
		440000000000000000000003 /* Resources */ = {
			isa = PBXResourcesBuildPhase;
			buildActionMask = 2147483647;
			files = (
				220000000000000000000002 /* Assets.xcassets in Resources */,
			);
			runOnlyForDeploymentPostprocessing = 0;
		};
/* End PBXResourcesBuildPhase section */

/* Begin PBXSourcesBuildPhase section */
		440000000000000000000001 /* Sources */ = {
			isa = PBXSourcesBuildPhase;
			buildActionMask = 2147483647;
			files = (
				220000000000000000000001 /* LifeOSApp.swift in Sources */,
				220000000000000000000004 /* JournalEntry.swift in Sources */,
				220000000000000000000005 /* PlannerTask.swift in Sources */,
				220000000000000000000006 /* Habit.swift in Sources */,
				220000000000000000000007 /* Goal.swift in Sources */,
				220000000000000000000008 /* MoodEntry.swift in Sources */,
				220000000000000000000009 /* Theme.swift in Sources */,
				22000000000000000000000A /* SharedComponents.swift in Sources */,
				22000000000000000000000B /* RootView.swift in Sources */,
				22000000000000000000000C /* TodayView.swift in Sources */,
				22000000000000000000000D /* PlannerView.swift in Sources */,
				22000000000000000000000E /* AddTaskSheet.swift in Sources */,
				22000000000000000000000F /* JournalView.swift in Sources */,
				220000000000000000000010 /* NewJournalEntryView.swift in Sources */,
				220000000000000000000011 /* HabitsView.swift in Sources */,
				220000000000000000000012 /* GoalsView.swift in Sources */,
				220000000000000000000013 /* InsightsView.swift in Sources */,
				220000000000000000000014 /* SettingsView.swift in Sources */,
				220000000000000000000015 /* NotificationManager.swift in Sources */,
				220000000000000000000016 /* BackendService.swift in Sources */,
			);
			runOnlyForDeploymentPostprocessing = 0;
		};
/* End PBXSourcesBuildPhase section */

/* Begin XCBuildConfiguration section */
		550000000000000000000007 /* Debug */ = {
			isa = XCBuildConfiguration;
			buildSettings = {
				ALWAYS_SEARCH_USER_PATHS = NO;
				ASSETCATALOG_COMPILER_GENERATE_SWIFT_ASSET_SYMBOL_EXTENSIONS = YES;
				CLANG_ANALYZER_NONNULL = YES;
				CLANG_ANALYZER_NUMBER_OBJECT_CONVERSION = YES_AGGRESSIVE;
				CLANG_CXX_LANGUAGE_STANDARD = "gnu++20";
				CLANG_ENABLE_MODULES = YES;
				CLANG_ENABLE_OBJC_ARC = YES;
				CLANG_ENABLE_OBJC_WEAK = YES;
				CLANG_WARN_BLOCK_CAPTURE_AUTORELEASING = YES;
				CLANG_WARN_BOOL_CONVERSION = YES;
				CLANG_WARN_COMMA = YES;
				CLANG_WARN_CONSTANT_CONVERSION = YES;
				CLANG_WARN_DEPRECATED_OBJC_IMPLEMENTATIONS = YES;
				CLANG_WARN_DIRECT_OBJC_ISA_USAGE = YES_ERROR;
				CLANG_WARN_DOCUMENTATION_COMMENTS = YES;
				CLANG_WARN_EMPTY_BODY = YES;
				CLANG_WARN_ENUM_CONVERSION = YES;
				CLANG_WARN_INFINITE_RECURSION = YES;
				CLANG_WARN_INT_CONVERSION = YES;
				CLANG_WARN_NON_LITERAL_NULL_CONVERSION = YES;
				CLANG_WARN_OBJC_IMPLICIT_RETAIN_SELF = YES;
				CLANG_WARN_OBJC_LITERAL_CONVERSION = YES;
				CLANG_WARN_OBJC_ROOT_CLASS = YES_ERROR;
				CLANG_WARN_QUOTED_INCLUDE_IN_FRAMEWORK_HEADER = YES;
				CLANG_WARN_RANGE_LOOP_ANALYSIS = YES;
				CLANG_WARN_STRICT_PROTOTYPES = YES;
				CLANG_WARN_SUSPICIOUS_MOVE = YES;
				CLANG_WARN_UNGUARDED_AVAILABILITY = YES_AGGRESSIVE;
				CLANG_WARN_UNREACHABLE_CODE = YES;
				CLANG_WARN__DUPLICATE_METHOD_MATCH = YES;
				COPY_PHASE_STRIP = NO;
				DEBUG_INFORMATION_FORMAT = dwarf;
				ENABLE_STRICT_OBJC_MSGSEND = YES;
				ENABLE_TESTABILITY = YES;
				ENABLE_USER_SCRIPT_SANDBOXING = YES;
				GCC_C_LANGUAGE_STANDARD = gnu17;
				GCC_DYNAMIC_NO_PIC = NO;
				GCC_NO_COMMON_BLOCKS = YES;
				GCC_OPTIMIZATION_LEVEL = 0;
				GCC_PREPROCESSOR_DEFINITIONS = (
					"DEBUG=1",
					"$(inherited)",
				);
				GCC_WARN_64_TO_32_BIT_CONVERSION = YES;
				GCC_WARN_ABOUT_RETURN_TYPE = YES_ERROR;
				GCC_WARN_UNDECLARED_SELECTOR = YES;
				GCC_WARN_UNINITIALIZED_AUTOS = YES_AGGRESSIVE;
				GCC_WARN_UNUSED_FUNCTION = YES;
				GCC_WARN_UNUSED_VARIABLE = YES;
				IPHONEOS_DEPLOYMENT_TARGET = 17.0;
				LOCALIZATION_PREFERS_STRING_CATALOGS = YES;
				MTL_ENABLE_DEBUG_INFO = INCLUDE_SOURCE;
				MTL_FAST_MATH = YES;
				ONLY_ACTIVE_ARCH = YES;
				SDKROOT = iphoneos;
				SWIFT_ACTIVE_COMPILATION_CONDITIONS = "DEBUG $(inherited)";
				SWIFT_OPTIMIZATION_LEVEL = "-Onone";
			};
			name = Debug;
		};
		550000000000000000000008 /* Release */ = {
			isa = XCBuildConfiguration;
			buildSettings = {
				ALWAYS_SEARCH_USER_PATHS = NO;
				ASSETCATALOG_COMPILER_GENERATE_SWIFT_ASSET_SYMBOL_EXTENSIONS = YES;
				CLANG_ANALYZER_NONNULL = YES;
				CLANG_ANALYZER_NUMBER_OBJECT_CONVERSION = YES_AGGRESSIVE;
				CLANG_CXX_LANGUAGE_STANDARD = "gnu++20";
				CLANG_ENABLE_MODULES = YES;
				CLANG_ENABLE_OBJC_ARC = YES;
				CLANG_ENABLE_OBJC_WEAK = YES;
				CLANG_WARN_BLOCK_CAPTURE_AUTORELEASING = YES;
				CLANG_WARN_BOOL_CONVERSION = YES;
				CLANG_WARN_COMMA = YES;
				CLANG_WARN_CONSTANT_CONVERSION = YES;
				CLANG_WARN_DEPRECATED_OBJC_IMPLEMENTATIONS = YES;
				CLANG_WARN_DIRECT_OBJC_ISA_USAGE = YES_ERROR;
				CLANG_WARN_DOCUMENTATION_COMMENTS = YES;
				CLANG_WARN_EMPTY_BODY = YES;
				CLANG_WARN_ENUM_CONVERSION = YES;
				CLANG_WARN_INFINITE_RECURSION = YES;
				CLANG_WARN_INT_CONVERSION = YES;
				CLANG_WARN_NON_LITERAL_NULL_CONVERSION = YES;
				CLANG_WARN_OBJC_IMPLICIT_RETAIN_SELF = YES;
				CLANG_WARN_OBJC_LITERAL_CONVERSION = YES;
				CLANG_WARN_OBJC_ROOT_CLASS = YES_ERROR;
				CLANG_WARN_QUOTED_INCLUDE_IN_FRAMEWORK_HEADER = YES;
				CLANG_WARN_RANGE_LOOP_ANALYSIS = YES;
				CLANG_WARN_STRICT_PROTOTYPES = YES;
				CLANG_WARN_SUSPICIOUS_MOVE = YES;
				CLANG_WARN_UNGUARDED_AVAILABILITY = YES_AGGRESSIVE;
				CLANG_WARN_UNREACHABLE_CODE = YES;
				CLANG_WARN__DUPLICATE_METHOD_MATCH = YES;
				COPY_PHASE_STRIP = NO;
				DEBUG_INFORMATION_FORMAT = "dwarf-with-dsym";
				ENABLE_NS_ASSERTIONS = NO;
				ENABLE_STRICT_OBJC_MSGSEND = YES;
				ENABLE_USER_SCRIPT_SANDBOXING = YES;
				GCC_C_LANGUAGE_STANDARD = gnu17;
				GCC_NO_COMMON_BLOCKS = YES;
				GCC_WARN_64_TO_32_BIT_CONVERSION = YES;
				GCC_WARN_ABOUT_RETURN_TYPE = YES_ERROR;
				GCC_WARN_UNDECLARED_SELECTOR = YES;
				GCC_WARN_UNINITIALIZED_AUTOS = YES_AGGRESSIVE;
				GCC_WARN_UNUSED_FUNCTION = YES;
				GCC_WARN_UNUSED_VARIABLE = YES;
				IPHONEOS_DEPLOYMENT_TARGET = 17.0;
				LOCALIZATION_PREFERS_STRING_CATALOGS = YES;
				MTL_ENABLE_DEBUG_INFO = NO;
				MTL_FAST_MATH = YES;
				SDKROOT = iphoneos;
				SWIFT_COMPILATION_MODE = wholemodule;
				VALIDATE_PRODUCT = YES;
			};
			name = Release;
		};
		550000000000000000000003 /* Debug */ = {
			isa = XCBuildConfiguration;
			buildSettings = {
				ASSETCATALOG_COMPILER_APPICON_NAME = AppIcon;
				ASSETCATALOG_COMPILER_GLOBAL_ACCENT_COLOR_NAME = AccentColor;
				CODE_SIGN_STYLE = Automatic;
				CURRENT_PROJECT_VERSION = 1;
				DEVELOPMENT_ASSET_PATHS = "\"LifeOS/Preview Content\"";
				DEVELOPMENT_TEAM = "";
				ENABLE_PREVIEWS = YES;
				GENERATE_INFOPLIST_FILE = YES;
				INFOPLIST_KEY_NSUserNotificationsUsageDescription = "LifeOS uses notifications to remind you about tasks, habits, and your evening journal.";
				INFOPLIST_KEY_UIApplicationSceneManifest_Generation = YES;
				INFOPLIST_KEY_UIApplicationSupportsIndirectInputEvents = YES;
				INFOPLIST_KEY_UILaunchScreen_Generation = YES;
				INFOPLIST_KEY_UISupportedInterfaceOrientations_iPad = "UIInterfaceOrientationPortrait UIInterfaceOrientationPortraitUpsideDown UIInterfaceOrientationLandscapeLeft UIInterfaceOrientationLandscapeRight";
				INFOPLIST_KEY_UISupportedInterfaceOrientations_iPhone = "UIInterfaceOrientationPortrait UIInterfaceOrientationLandscapeLeft UIInterfaceOrientationLandscapeRight";
				IPHONEOS_DEPLOYMENT_TARGET = 17.0;
				LD_RUNPATH_SEARCH_PATHS = (
					"$(inherited)",
					"@executable_path/Frameworks",
				);
				MARKETING_VERSION = 1.0.0;
				PRODUCT_BUNDLE_IDENTIFIER = com.lifeos.planner;
				PRODUCT_NAME = "$(TARGET_NAME)";
				SWIFT_EMIT_LOC_STRINGS = YES;
				SWIFT_VERSION = 5.0;
				TARGETED_DEVICE_FAMILY = "1,2";
			};
			name = Debug;
		};
		550000000000000000000004 /* Release */ = {
			isa = XCBuildConfiguration;
			buildSettings = {
				ASSETCATALOG_COMPILER_APPICON_NAME = AppIcon;
				ASSETCATALOG_COMPILER_GLOBAL_ACCENT_COLOR_NAME = AccentColor;
				CODE_SIGN_STYLE = Automatic;
				CURRENT_PROJECT_VERSION = 1;
				DEVELOPMENT_ASSET_PATHS = "\"LifeOS/Preview Content\"";
				DEVELOPMENT_TEAM = "";
				ENABLE_PREVIEWS = YES;
				GENERATE_INFOPLIST_FILE = YES;
				INFOPLIST_KEY_NSUserNotificationsUsageDescription = "LifeOS uses notifications to remind you about tasks, habits, and your evening journal.";
				INFOPLIST_KEY_UIApplicationSceneManifest_Generation = YES;
				INFOPLIST_KEY_UIApplicationSupportsIndirectInputEvents = YES;
				INFOPLIST_KEY_UILaunchScreen_Generation = YES;
				INFOPLIST_KEY_UISupportedInterfaceOrientations_iPad = "UIInterfaceOrientationPortrait UIInterfaceOrientationPortraitUpsideDown UIInterfaceOrientationLandscapeLeft UIInterfaceOrientationLandscapeRight";
				INFOPLIST_KEY_UISupportedInterfaceOrientations_iPhone = "UIInterfaceOrientationPortrait UIInterfaceOrientationLandscapeLeft UIInterfaceOrientationLandscapeRight";
				IPHONEOS_DEPLOYMENT_TARGET = 17.0;
				LD_RUNPATH_SEARCH_PATHS = (
					"$(inherited)",
					"@executable_path/Frameworks",
				);
				MARKETING_VERSION = 1.0.0;
				PRODUCT_BUNDLE_IDENTIFIER = com.lifeos.planner;
				PRODUCT_NAME = "$(TARGET_NAME)";
				SWIFT_EMIT_LOC_STRINGS = YES;
				SWIFT_VERSION = 5.0;
				TARGETED_DEVICE_FAMILY = "1,2";
			};
			name = Release;
		};
/* End XCBuildConfiguration section */

/* Begin XCConfigurationList section */
		550000000000000000000002 /* Build configuration list for PBXNativeTarget "LifeOS" */ = {
			isa = XCConfigurationList;
			buildConfigurations = (
				550000000000000000000003 /* Debug */,
				550000000000000000000004 /* Release */,
			);
			defaultConfigurationIsVisible = 0;
			defaultConfigurationName = Release;
		};
		550000000000000000000006 /* Build configuration list for PBXProject "LifeOS" */ = {
			isa = XCConfigurationList;
			buildConfigurations = (
				550000000000000000000007 /* Debug */,
				550000000000000000000008 /* Release */,
			);
			defaultConfigurationIsVisible = 0;
			defaultConfigurationName = Release;
		};
/* End XCConfigurationList section */
	};
	rootObject = 550000000000000000000005 /* Project object */;
}
